// !$*UTF8*$!
{
	archiveVersion = 1;
	classes = {
	};
	objectVersion = 48;
	objects = {

/* Begin PBXBuildFile section */
		BB109AC41FDD28FE00D94B51 /* AppDelegate.swift in Sources */ = {isa = PBXBuildFile; fileRef = BB109AC31FDD28FE00D94B51 /* AppDelegate.swift */; };
		BB109AC61FDD28FE00D94B51 /* ViewController.swift in Sources */ = {isa = PBXBuildFile; fileRef = BB109AC51FDD28FE00D94B51 /* ViewController.swift */; };
		BB109AC91FDD28FE00D94B51 /* Main.storyboard in Resources */ = {isa = PBXBuildFile; fileRef = BB109AC71FDD28FE00D94B51 /* Main.storyboard */; };
		BB109ACC1FDD28FE00D94B51 /* Insgrame.xcdatamodeld in Sources */ = {isa = PBXBuildFile; fileRef = BB109ACA1FDD28FE00D94B51 /* Insgrame.xcdatamodeld */; };
		BB109ACE1FDD28FE00D94B51 /* Assets.xcassets in Resources */ = {isa = PBXBuildFile; fileRef = BB109ACD1FDD28FE00D94B51 /* Assets.xcassets */; };
		BB109AD11FDD28FE00D94B51 /* LaunchScreen.storyboard in Resources */ = {isa = PBXBuildFile; fileRef = BB109ACF1FDD28FE00D94B51 /* LaunchScreen.storyboard */; };
		BB109ADC1FDD28FE00D94B51 /* InsgrameTests.swift in Sources */ = {isa = PBXBuildFile; fileRef = BB109ADB1FDD28FE00D94B51 /* InsgrameTests.swift */; };
		BB109AE71FDD28FE00D94B51 /* InsgrameUITests.swift in Sources */ = {isa = PBXBuildFile; fileRef = BB109AE61FDD28FE00D94B51 /* InsgrameUITests.swift */; };
/* End PBXBuildFile section */

/* Begin PBXContainerItemProxy section */
		BB109AD81FDD28FE00D94B51 /* PBXContainerItemProxy */ = {
			isa = PBXContainerItemProxy;
			containerPortal = BB109AB81FDD28FE00D94B51 /* Project object */;
			proxyType = 1;
			remoteGlobalIDString = BB109ABF1FDD28FE00D94B51;
			remoteInfo = Insgrame;
		};
		BB109AE31FDD28FE00D94B51 /* PBXContainerItemProxy */ = {
			isa = PBXContainerItemProxy;
			containerPortal = BB109AB81FDD28FE00D94B51 /* Project object */;
			proxyType = 1;
			remoteGlobalIDString = BB109ABF1FDD28FE00D94B51;
			remoteInfo = Insgrame;
		};
/* End PBXContainerItemProxy section */

/* Begin PBXFileReference section */
		BB109AC01FDD28FE00D94B51 /* Insgrame.app */ = {isa = PBXFileReference; explicitFileType = wrapper.application; includeInIndex = 0; path = Insgrame.app; sourceTree = BUILT_PRODUCTS_DIR; };
		BB109AC31FDD28FE00D94B51 /* AppDelegate.swift */ = {isa = PBXFileReference; lastKnownFileType = sourcecode.swift; path = AppDelegate.swift; sourceTree = "<group>"; };
		BB109AC51FDD28FE00D94B51 /* ViewController.swift */ = {isa = PBXFileReference; lastKnownFileType = sourcecode.swift; path = ViewController.swift; sourceTree = "<group>"; };
		BB109AC81FDD28FE00D94B51 /* Base */ = {isa = PBXFileReference; lastKnownFileType = file.storyboard; name = Base; path = Base.lproj/Main.storyboard; sourceTree = "<group>"; };
		BB109ACB1FDD28FE00D94B51 /* Insgrame.xcdatamodel */ = {isa = PBXFileReference; lastKnownFileType = wrapper.xcdatamodel; path = Insgrame.xcdatamodel; sourceTree = "<group>"; };
		BB109ACD1FDD28FE00D94B51 /* Assets.xcassets */ = {isa = PBXFileReference; lastKnownFileType = folder.assetcatalog; path = Assets.xcassets; sourceTree = "<group>"; };
		BB109AD01FDD28FE00D94B51 /* Base */ = {isa = PBXFileReference; lastKnownFileType = file.storyboard; name = Base; path = Base.lproj/LaunchScreen.storyboard; sourceTree = "<group>"; };
		BB109AD21FDD28FE00D94B51 /* Info.plist */ = {isa = PBXFileReference; lastKnownFileType = text.plist.xml; path = Info.plist; sourceTree = "<group>"; };
		BB109AD71FDD28FE00D94B51 /* InsgrameTests.xctest */ = {isa = PBXFileReference; explicitFileType = wrapper.cfbundle; includeInIndex = 0; path = InsgrameTests.xctest; sourceTree = BUILT_PRODUCTS_DIR; };
		BB109ADB1FDD28FE00D94B51 /* InsgrameTests.swift */ = {isa = PBXFileReference; lastKnownFileType = sourcecode.swift; path = InsgrameTests.swift; sourceTree = "<group>"; };
		BB109ADD1FDD28FE00D94B51 /* Info.plist */ = {isa = PBXFileReference; lastKnownFileType = text.plist.xml; path = Info.plist; sourceTree = "<group>"; };
		BB109AE21FDD28FE00D94B51 /* InsgrameUITests.xctest */ = {isa = PBXFileReference; explicitFileType = wrapper.cfbundle; includeInIndex = 0; path = InsgrameUITests.xctest; sourceTree = BUILT_PRODUCTS_DIR; };
		BB109AE61FDD28FE00D94B51 /* InsgrameUITests.swift */ = {isa = PBXFileReference; lastKnownFileType = sourcecode.swift; path = InsgrameUITests.swift; sourceTree = "<group>"; };
		BB109AE81FDD28FE00D94B51 /* Info.plist */ = {isa = PBXFileReference; lastKnownFileType = text.plist.xml; path = Info.plist; sourceTree = "<group>"; };
/* End PBXFileReference section */

/* Begin PBXFrameworksBuildPhase section */
		BB109ABD1FDD28FE00D94B51 /* Frameworks */ = {
			isa = PBXFrameworksBuildPhase;
			buildActionMask = 2147483647;
			files = (
			);
			runOnlyForDeploymentPostprocessing = 0;
		};
		BB109AD41FDD28FE00D94B51 /* Frameworks */ = {
			isa = PBXFrameworksBuildPhase;
			buildActionMask = 2147483647;
			files = (
			);
			runOnlyForDeploymentPostprocessing = 0;
		};
		BB109ADF1FDD28FE00D94B51 /* Frameworks */ = {
			isa = PBXFrameworksBuildPhase;
			buildActionMask = 2147483647;
			files = (
			);
			runOnlyForDeploymentPostprocessing = 0;
		};
/* End PBXFrameworksBuildPhase section */

/* Begin PBXGroup section */
		BB109AB71FDD28FE00D94B51 = {
			isa = PBXGroup;
			children = (
				BB109AC21FDD28FE00D94B51 /* Insgrame */,
				BB109ADA1FDD28FE00D94B51 /* InsgrameTests */,
				BB109AE51FDD28FE00D94B51 /* InsgrameUITests */,
				BB109AC11FDD28FE00D94B51 /* Products */,
			);
			sourceTree = "<group>";
		};
		BB109AC11FDD28FE00D94B51 /* Products */ = {
			isa = PBXGroup;
			children = (
				BB109AC01FDD28FE00D94B51 /* Insgrame.app */,
				BB109AD71FDD28FE00D94B51 /* InsgrameTests.xctest */,
				BB109AE21FDD28FE00D94B51 /* InsgrameUITests.xctest */,
			);
			name = Products;
			sourceTree = "<group>";
		};
		BB109AC21FDD28FE00D94B51 /* Insgrame */ = {
			isa = PBXGroup;
			children = (
				BB109AC31FDD28FE00D94B51 /* AppDelegate.swift */,
				BB109AC51FDD28FE00D94B51 /* ViewController.swift */,
				BB109AC71FDD28FE00D94B51 /* Main.storyboard */,
				BB109ACD1FDD28FE00D94B51 /* Assets.xcassets */,
				BB109ACF1FDD28FE00D94B51 /* LaunchScreen.storyboard */,
				BB109AD21FDD28FE00D94B51 /* Info.plist */,
				BB109ACA1FDD28FE00D94B51 /* Insgrame.xcdatamodeld */,
			);
			path = Insgrame;
			sourceTree = "<group>";
		};
		BB109ADA1FDD28FE00D94B51 /* InsgrameTests */ = {
			isa = PBXGroup;
			children = (
				BB109ADB1FDD28FE00D94B51 /* InsgrameTests.swift */,
				BB109ADD1FDD28FE00D94B51 /* Info.plist */,
			);
			path = InsgrameTests;
			sourceTree = "<group>";
		};
		BB109AE51FDD28FE00D94B51 /* InsgrameUITests */ = {
			isa = PBXGroup;
			children = (
				BB109AE61FDD28FE00D94B51 /* InsgrameUITests.swift */,
				BB109AE81FDD28FE00D94B51 /* Info.plist */,
			);
			path = InsgrameUITests;
			sourceTree = "<group>";
		};
/* End PBXGroup section */

/* Begin PBXNativeTarget section */
		BB109ABF1FDD28FE00D94B51 /* Insgrame */ = {
			isa = PBXNativeTarget;
			buildConfigurationList = BB109AEB1FDD28FE00D94B51 /* Build configuration list for PBXNativeTarget "Insgrame" */;
			buildPhases = (
				BB109ABC1FDD28FE00D94B51 /* Sources */,
				BB109ABD1FDD28FE00D94B51 /* Frameworks */,
				BB109ABE1FDD28FE00D94B51 /* Resources */,
			);
			buildRules = (
			);
			dependencies = (
			);
			name = Insgrame;
			productName = Insgrame;
			productReference = BB109AC01FDD28FE00D94B51 /* Insgrame.app */;
			productType = "com.apple.product-type.application";
		};
		BB109AD61FDD28FE00D94B51 /* InsgrameTests */ = {
			isa = PBXNativeTarget;
			buildConfigurationList = BB109AEE1FDD28FE00D94B51 /* Build configuration list for PBXNativeTarget "InsgrameTests" */;
			buildPhases = (
				BB109AD31FDD28FE00D94B51 /* Sources */,
				BB109AD41FDD28FE00D94B51 /* Frameworks */,
				BB109AD51FDD28FE00D94B51 /* Resources */,
			);
			buildRules = (
			);
			dependencies = (
				BB109AD91FDD28FE00D94B51 /* PBXTargetDependency */,
			);
			name = InsgrameTests;
			productName = InsgrameTests;
			productReference = BB109AD71FDD28FE00D94B51 /* InsgrameTests.xctest */;
			productType = "com.apple.product-type.bundle.unit-test";
		};
		BB109AE11FDD28FE00D94B51 /* InsgrameUITests */ = {
			isa = PBXNativeTarget;
			buildConfigurationList = BB109AF11FDD28FE00D94B51 /* Build configuration list for PBXNativeTarget "InsgrameUITests" */;
			buildPhases = (
				BB109ADE1FDD28FE00D94B51 /* Sources */,
				BB109ADF1FDD28FE00D94B51 /* Frameworks */,
				BB109AE01FDD28FE00D94B51 /* Resources */,
			);
			buildRules = (
			);
			dependencies = (
				BB109AE41FDD28FE00D94B51 /* PBXTargetDependency */,
			);
			name = InsgrameUITests;
			productName = InsgrameUITests;
			productReference = BB109AE21FDD28FE00D94B51 /* InsgrameUITests.xctest */;
			productType = "com.apple.product-type.bundle.ui-testing";
		};
/* End PBXNativeTarget section */

/* Begin PBXProject section */
		BB109AB81FDD28FE00D94B51 /* Project object */ = {
			isa = PBXProject;
			attributes = {
				LastSwiftUpdateCheck = 0920;
				LastUpgradeCheck = 0920;
				ORGANIZATIONNAME = Crazzy;
				TargetAttributes = {
					BB109ABF1FDD28FE00D94B51 = {
						CreatedOnToolsVersion = 9.2;
						ProvisioningStyle = Automatic;
					};
					BB109AD61FDD28FE00D94B51 = {
						CreatedOnToolsVersion = 9.2;
						ProvisioningStyle = Automatic;
						TestTargetID = BB109ABF1FDD28FE00D94B51;
					};
					BB109AE11FDD28FE00D94B51 = {
						CreatedOnToolsVersion = 9.2;
						ProvisioningStyle = Automatic;
						TestTargetID = BB109ABF1FDD28FE00D94B51;
					};
				};
			};
			buildConfigurationList = BB109ABB1FDD28FE00D94B51 /* Build configuration list for PBXProject "Insgrame" */;
			compatibilityVersion = "Xcode 8.0";
			developmentRegion = en;
			hasScannedForEncodings = 0;
			knownRegions = (
				en,
				Base,
			);
			mainGroup = BB109AB71FDD28FE00D94B51;
			productRefGroup = BB109AC11FDD28FE00D94B51 /* Products */;
			projectDirPath = "";
			projectRoot = "";
			targets = (
				BB109ABF1FDD28FE00D94B51 /* Insgrame */,
				BB109AD61FDD28FE00D94B51 /* InsgrameTests */,
				BB109AE11FDD28FE00D94B51 /* InsgrameUITests */,
			);
		};
/* End PBXProject section */

/* Begin PBXResourcesBuildPhase section */
		BB109ABE1FDD28FE00D94B51 /* Resources */ = {
			isa = PBXResourcesBuildPhase;
			buildActionMask = 2147483647;
			files = (
				BB109AD11FDD28FE00D94B51 /* LaunchScreen.storyboard in Resources */,
				BB109ACE1FDD28FE00D94B51 /* Assets.xcassets in Resources */,
				BB109AC91FDD28FE00D94B51 /* Main.storyboard in Resources */,
			);
			runOnlyForDeploymentPostprocessing = 0;
		};
		BB109AD51FDD28FE00D94B51 /* Resources */ = {
			isa = PBXResourcesBuildPhase;
			buildActionMask = 2147483647;
			files = (
			);
			runOnlyForDeploymentPostprocessing = 0;
		};
		BB109AE01FDD28FE00D94B51 /* Resources */ = {
			isa = PBXResourcesBuildPhase;
			buildActionMask = 2147483647;
			files = (
			);
			runOnlyForDeploymentPostprocessing = 0;
		};
/* End PBXResourcesBuildPhase section */

/* Begin PBXSourcesBuildPhase section */
		BB109ABC1FDD28FE00D94B51 /* Sources */ = {
			isa = PBXSourcesBuildPhase;
			buildActionMask = 2147483647;
			files = (
				BB109ACC1FDD28FE00D94B51 /* Insgrame.xcdatamodeld in Sources */,
				BB109AC61FDD28FE00D94B51 /* ViewController.swift in Sources */,
				BB109AC41FDD28FE00D94B51 /* AppDelegate.swift in Sources */,
			);
			runOnlyForDeploymentPostprocessing = 0;
		};
		BB109AD31FDD28FE00D94B51 /* Sources */ = {
			isa = PBXSourcesBuildPhase;
			buildActionMask = 2147483647;
			files = (
				BB109ADC1FDD28FE00D94B51 /* InsgrameTests.swift in Sources */,
			);
			runOnlyForDeploymentPostprocessing = 0;
		};
		BB109ADE1FDD28FE00D94B51 /* Sources */ = {
			isa = PBXSourcesBuildPhase;
			buildActionMask = 2147483647;
			files = (
				BB109AE71FDD28FE00D94B51 /* InsgrameUITests.swift in Sources */,
			);
			runOnlyForDeploymentPostprocessing = 0;
		};
/* End PBXSourcesBuildPhase section */

/* Begin PBXTargetDependency section */
		BB109AD91FDD28FE00D94B51 /* PBXTargetDependency */ = {
			isa = PBXTargetDependency;
			target = BB109ABF1FDD28FE00D94B51 /* Insgrame */;
			targetProxy = BB109AD81FDD28FE00D94B51 /* PBXContainerItemProxy */;
		};
		BB109AE41FDD28FE00D94B51 /* PBXTargetDependency */ = {
			isa = PBXTargetDependency;
			target = BB109ABF1FDD28FE00D94B51 /* Insgrame */;
			targetProxy = BB109AE31FDD28FE00D94B51 /* PBXContainerItemProxy */;
		};
/* End PBXTargetDependency section */

/* Begin PBXVariantGroup section */
		BB109AC71FDD28FE00D94B51 /* Main.storyboard */ = {
			isa = PBXVariantGroup;
			children = (
				BB109AC81FDD28FE00D94B51 /* Base */,
			);
			name = Main.storyboard;
			sourceTree = "<group>";
		};
		BB109ACF1FDD28FE00D94B51 /* LaunchScreen.storyboard */ = {
			isa = PBXVariantGroup;
			children = (
				BB109AD01FDD28FE00D94B51 /* Base */,
			);
			name = LaunchScreen.storyboard;
			sourceTree = "<group>";
		};
/* End PBXVariantGroup section */

/* Begin XCBuildConfiguration section */
		BB109AE91FDD28FE00D94B51 /* Debug */ = {
			isa = XCBuildConfiguration;
			buildSettings = {
				ALWAYS_SEARCH_USER_PATHS = NO;
				CLANG_ANALYZER_NONNULL = YES;
				CLANG_ANALYZER_NUMBER_OBJECT_CONVERSION = YES_AGGRESSIVE;
				CLANG_CXX_LANGUAGE_STANDARD = "gnu++14";
				CLANG_CXX_LIBRARY = "libc++";
				CLANG_ENABLE_MODULES = YES;
				CLANG_ENABLE_OBJC_ARC = YES;
				CLANG_WARN_BLOCK_CAPTURE_AUTORELEASING = YES;
				CLANG_WARN_BOOL_CONVERSION = YES;
				CLANG_WARN_COMMA = YES;
				CLANG_WARN_CONSTANT_CONVERSION = YES;
				CLANG_WARN_DIRECT_OBJC_ISA_USAGE = YES_ERROR;
				CLANG_WARN_DOCUMENTATION_COMMENTS = YES;
				CLANG_WARN_EMPTY_BODY = YES;
				CLANG_WARN_ENUM_CONVERSION = YES;
				CLANG_WARN_INFINITE_RECURSION = YES;
				CLANG_WARN_INT_CONVERSION = YES;
				CLANG_WARN_NON_LITERAL_NULL_CONVERSION = YES;
				CLANG_WARN_OBJC_LITERAL_CONVERSION = YES;
				CLANG_WARN_OBJC_ROOT_CLASS = YES_ERROR;
				CLANG_WARN_RANGE_LOOP_ANALYSIS = YES;
				CLANG_WARN_STRICT_PROTOTYPES = YES;
				CLANG_WARN_SUSPICIOUS_MOVE = YES;
				CLANG_WARN_UNGUARDED_AVAILABILITY = YES_AGGRESSIVE;
				CLANG_WARN_UNREACHABLE_CODE = YES;
				CLANG_WARN__DUPLICATE_METHOD_MATCH = YES;
				CODE_SIGN_IDENTITY = "iPhone Developer";
				COPY_PHASE_STRIP = NO;
				DEBUG_INFORMATION_FORMAT = dwarf;
				ENABLE_STRICT_OBJC_MSGSEND = YES;
				ENABLE_TESTABILITY = YES;
				GCC_C_LANGUAGE_STANDARD = gnu11;
				GCC_DYNAMIC_NO_PIC = NO;
				GCC_NO_COMMON_BLOCKS = YES;
				GCC_OPTIMIZATION_LEVEL = 0;
				GCC_PREPROCESSOR_DEFINITIONS = (
					"DEBUG=1",
					"$(inherited)",
				);
				GCC_WARN_64_TO_32_BIT_CONVERSION = YES;
				GCC_WARN_ABOUT_RETURN_TYPE = YES_ERROR;
				GCC_WARN_UNDECLARED_SELECTOR = YES;
				GCC_WARN_UNINITIALIZED_AUTOS = YES_AGGRESSIVE;
				GCC_WARN_UNUSED_FUNCTION = YES;
				GCC_WARN_UNUSED_VARIABLE = YES;
				IPHONEOS_DEPLOYMENT_TARGET = 11.2;
				MTL_ENABLE_DEBUG_INFO = YES;
				ONLY_ACTIVE_ARCH = YES;
				SDKROOT = iphoneos;
				SWIFT_ACTIVE_COMPILATION_CONDITIONS = DEBUG;
				SWIFT_OPTIMIZATION_LEVEL = "-Onone";
			};
			name = Debug;
		};
		BB109AEA1FDD28FE00D94B51 /* Release */ = {
			isa = XCBuildConfiguration;
			buildSettings = {
				ALWAYS_SEARCH_USER_PATHS = NO;
				CLANG_ANALYZER_NONNULL = YES;
				CLANG_ANALYZER_NUMBER_OBJECT_CONVERSION = YES_AGGRESSIVE;
				CLANG_CXX_LANGUAGE_STANDARD = "gnu++14";
				CLANG_CXX_LIBRARY = "libc++";
				CLANG_ENABLE_MODULES = YES;
				CLANG_ENABLE_OBJC_ARC = YES;
				CLANG_WARN_BLOCK_CAPTURE_AUTORELEASING = YES;
				CLANG_WARN_BOOL_CONVERSION = YES;
				CLANG_WARN_COMMA = YES;
				CLANG_WARN_CONSTANT_CONVERSION = YES;
				CLANG_WARN_DIRECT_OBJC_ISA_USAGE = YES_ERROR;
				CLANG_WARN_DOCUMENTATION_COMMENTS = YES;
				CLANG_WARN_EMPTY_BODY = YES;
				CLANG_WARN_ENUM_CONVERSION = YES;
				CLANG_WARN_INFINITE_RECURSION = YES;
				CLANG_WARN_INT_CONVERSION = YES;
				CLANG_WARN_NON_LITERAL_NULL_CONVERSION = YES;
				CLANG_WARN_OBJC_LITERAL_CONVERSION = YES;
				CLANG_WARN_OBJC_ROOT_CLASS = YES_ERROR;
				CLANG_WARN_RANGE_LOOP_ANALYSIS = YES;
				CLANG_WARN_STRICT_PROTOTYPES = YES;
				CLANG_WARN_SUSPICIOUS_MOVE = YES;
				CLANG_WARN_UNGUARDED_AVAILABILITY = YES_AGGRESSIVE;
				CLANG_WARN_UNREACHABLE_CODE = YES;
				CLANG_WARN__DUPLICATE_METHOD_MATCH = YES;
				CODE_SIGN_IDENTITY = "iPhone Developer";
				COPY_PHASE_STRIP = NO;
				DEBUG_INFORMATION_FORMAT = "dwarf-with-dsym";
				ENABLE_NS_ASSERTIONS = NO;
				ENABLE_STRICT_OBJC_MSGSEND = YES;
				GCC_C_LANGUAGE_STANDARD = gnu11;
				GCC_NO_COMMON_BLOCKS = YES;
				GCC_WARN_64_TO_32_BIT_CONVERSION = YES;
				GCC_WARN_ABOUT_RETURN_TYPE = YES_ERROR;
				GCC_WARN_UNDECLARED_SELECTOR = YES;
				GCC_WARN_UNINITIALIZED_AUTOS = YES_AGGRESSIVE;
				GCC_WARN_UNUSED_FUNCTION = YES;
				GCC_WARN_UNUSED_VARIABLE = YES;
				IPHONEOS_DEPLOYMENT_TARGET = 11.2;
				MTL_ENABLE_DEBUG_INFO = NO;
				SDKROOT = iphoneos;
				SWIFT_OPTIMIZATION_LEVEL = "-Owholemodule";
				VALIDATE_PRODUCT = YES;
			};
			name = Release;
		};
		BB109AEC1FDD28FE00D94B51 /* Debug */ = {
			isa = XCBuildConfiguration;
			buildSettings = {
				ASSETCATALOG_COMPILER_APPICON_NAME = AppIcon;
				CODE_SIGN_STYLE = Automatic;
				DEVELOPMENT_TEAM = VZJHX8LXGH;
				INFOPLIST_FILE = Insgrame/Info.plist;
				LD_RUNPATH_SEARCH_PATHS = "$(inherited) @executable_path/Frameworks";
				PRODUCT_BUNDLE_IDENTIFIER = Crazzy.Insgrame;
				PRODUCT_NAME = "$(TARGET_NAME)";
				SWIFT_VERSION = 4.0;
				TARGETED_DEVICE_FAMILY = "1,2";
			};
			name = Debug;
		};
		BB109AED1FDD28FE00D94B51 /* Release */ = {
			isa = XCBuildConfiguration;
			buildSettings = {
				ASSETCATALOG_COMPILER_APPICON_NAME = AppIcon;
				CODE_SIGN_STYLE = Automatic;
				DEVELOPMENT_TEAM = VZJHX8LXGH;
				INFOPLIST_FILE = Insgrame/Info.plist;
				LD_RUNPATH_SEARCH_PATHS = "$(inherited) @executable_path/Frameworks";
				PRODUCT_BUNDLE_IDENTIFIER = Crazzy.Insgrame;
				PRODUCT_NAME = "$(TARGET_NAME)";
				SWIFT_VERSION = 4.0;
				TARGETED_DEVICE_FAMILY = "1,2";
			};
			name = Release;
		};
		BB109AEF1FDD28FE00D94B51 /* Debug */ = {
			isa = XCBuildConfiguration;
			buildSettings = {
				ALWAYS_EMBED_SWIFT_STANDARD_LIBRARIES = YES;
				BUNDLE_LOADER = "$(TEST_HOST)";
				CODE_SIGN_STYLE = Automatic;
				DEVELOPMENT_TEAM = VZJHX8LXGH;
				INFOPLIST_FILE = InsgrameTests/Info.plist;
				LD_RUNPATH_SEARCH_PATHS = "$(inherited) @executable_path/Frameworks @loader_path/Frameworks";
				PRODUCT_BUNDLE_IDENTIFIER = Crazzy.InsgrameTests;
				PRODUCT_NAME = "$(TARGET_NAME)";
				SWIFT_VERSION = 4.0;
				TARGETED_DEVICE_FAMILY = "1,2";
				TEST_HOST = "$(BUILT_PRODUCTS_DIR)/Insgrame.app/Insgrame";
			};
			name = Debug;
		};
		BB109AF01FDD28FE00D94B51 /* Release */ = {
			isa = XCBuildConfiguration;
			buildSettings = {
				ALWAYS_EMBED_SWIFT_STANDARD_LIBRARIES = YES;
				BUNDLE_LOADER = "$(TEST_HOST)";
				CODE_SIGN_STYLE = Automatic;
				DEVELOPMENT_TEAM = VZJHX8LXGH;
				INFOPLIST_FILE = InsgrameTests/Info.plist;
				LD_RUNPATH_SEARCH_PATHS = "$(inherited) @executable_path/Frameworks @loader_path/Frameworks";
				PRODUCT_BUNDLE_IDENTIFIER = Crazzy.InsgrameTests;
				PRODUCT_NAME = "$(TARGET_NAME)";
				SWIFT_VERSION = 4.0;
				TARGETED_DEVICE_FAMILY = "1,2";
				TEST_HOST = "$(BUILT_PRODUCTS_DIR)/Insgrame.app/Insgrame";
			};
			name = Release;
		};
		BB109AF21FDD28FE00D94B51 /* Debug */ = {
			isa = XCBuildConfiguration;
			buildSettings = {
				ALWAYS_EMBED_SWIFT_STANDARD_LIBRARIES = YES;
				CODE_SIGN_STYLE = Automatic;
				DEVELOPMENT_TEAM = VZJHX8LXGH;
				INFOPLIST_FILE = InsgrameUITests/Info.plist;
				LD_RUNPATH_SEARCH_PATHS = "$(inherited) @executable_path/Frameworks @loader_path/Frameworks";
				PRODUCT_BUNDLE_IDENTIFIER = Crazzy.InsgrameUITests;
				PRODUCT_NAME = "$(TARGET_NAME)";
				SWIFT_VERSION = 4.0;
				TARGETED_DEVICE_FAMILY = "1,2";
				TEST_TARGET_NAME = Insgrame;
			};
			name = Debug;
		};
		BB109AF31FDD28FE00D94B51 /* Release */ = {
			isa = XCBuildConfiguration;
			buildSettings = {
				ALWAYS_EMBED_SWIFT_STANDARD_LIBRARIES = YES;
				CODE_SIGN_STYLE = Automatic;
				DEVELOPMENT_TEAM = VZJHX8LXGH;
				INFOPLIST_FILE = InsgrameUITests/Info.plist;
				LD_RUNPATH_SEARCH_PATHS = "$(inherited) @executable_path/Frameworks @loader_path/Frameworks";
				PRODUCT_BUNDLE_IDENTIFIER = Crazzy.InsgrameUITests;
				PRODUCT_NAME = "$(TARGET_NAME)";
				SWIFT_VERSION = 4.0;
				TARGETED_DEVICE_FAMILY = "1,2";
				TEST_TARGET_NAME = Insgrame;
			};
			name = Release;
		};
/* End XCBuildConfiguration section */

/* Begin XCConfigurationList section */
		BB109ABB1FDD28FE00D94B51 /* Build configuration list for PBXProject "Insgrame" */ = {
			isa = XCConfigurationList;
			buildConfigurations = (
				BB109AE91FDD28FE00D94B51 /* Debug */,
				BB109AEA1FDD28FE00D94B51 /* Release */,
			);
			defaultConfigurationIsVisible = 0;
			defaultConfigurationName = Release;
		};
		BB109AEB1FDD28FE00D94B51 /* Build configuration list for PBXNativeTarget "Insgrame" */ = {
			isa = XCConfigurationList;
			buildConfigurations = (
				BB109AEC1FDD28FE00D94B51 /* Debug */,
				BB109AED1FDD28FE00D94B51 /* Release */,
			);
			defaultConfigurationIsVisible = 0;
			defaultConfigurationName = Release;
		};
		BB109AEE1FDD28FE00D94B51 /* Build configuration list for PBXNativeTarget "InsgrameTests" */ = {
			isa = XCConfigurationList;
			buildConfigurations = (
				BB109AEF1FDD28FE00D94B51 /* Debug */,
				BB109AF01FDD28FE00D94B51 /* Release */,
			);
			defaultConfigurationIsVisible = 0;
			defaultConfigurationName = Release;
		};
		BB109AF11FDD28FE00D94B51 /* Build configuration list for PBXNativeTarget "InsgrameUITests" */ = {
			isa = XCConfigurationList;
			buildConfigurations = (
				BB109AF21FDD28FE00D94B51 /* Debug */,
				BB109AF31FDD28FE00D94B51 /* Release */,
			);
			defaultConfigurationIsVisible = 0;
			defaultConfigurationName = Release;
		};
/* End XCConfigurationList section */

/* Begin XCVersionGroup section */
		BB109ACA1FDD28FE00D94B51 /* Insgrame.xcdatamodeld */ = {
			isa = XCVersionGroup;
			children = (
				BB109ACB1FDD28FE00D94B51 /* Insgrame.xcdatamodel */,
			);
			currentVersion = BB109ACB1FDD28FE00D94B51 /* Insgrame.xcdatamodel */;
			path = Insgrame.xcdatamodeld;
			sourceTree = "<group>";
			versionGroupType = wrapper.xcdatamodel;
		};
/* End XCVersionGroup section */
	};
	rootObject = BB109AB81FDD28FE00D94B51 /* Project object */;
}
